
Microsoft Visual Studio Solution File, Format Version 12.00
# Visual Studio Version 16
VisualStudioVersion = 16.0.30002.166
MinimumVisualStudioVersion = 10.0.40219.1
Project("{9A19103F-16F7-4668-BE54-9A1E7A4F7556}") = "OOP_lab_2_23_1", "OOP_lab_2_23_1\OOP_lab_2_23_1.csproj", "{C335DD29-8101-40AF-B0FF-C403F3CC48CF}"
EndProject
Project("{2150E333-8FDC-42A3-9474-1A3956D46DE8}") = "Solution Items", "Solution Items", "{3E4B39B1-7FC3-4730-A413-1198FB776C61}"
	ProjectSection(SolutionItems) = preProject
		.travis.yml = .travis.yml
	EndProjectSection
EndProject
Global
	GlobalSection(SolutionConfigurationPlatforms) = preSolution
		Debug|Any CPU = Debug|Any CPU
		Release|Any CPU = Release|Any CPU
	EndGlobalSection
	GlobalSection(ProjectConfigurationPlatforms) = postSolution
		{C335DD29-8101-40AF-B0FF-C403F3CC48CF}.Debug|Any CPU.ActiveCfg = Debug|Any CPU
		{C335DD29-8101-40AF-B0FF-C403F3CC48CF}.Debug|Any CPU.Build.0 = Debug|Any CPU
		{C335DD29-8101-40AF-B0FF-C403F3CC48CF}.Release|Any CPU.ActiveCfg = Release|Any CPU
		{C335DD29-8101-40AF-B0FF-C403F3CC48CF}.Release|Any CPU.Build.0 = Release|Any CPU
	EndGlobalSection
	GlobalSection(SolutionProperties) = preSolution
		HideSolutionNode = FALSE
	EndGlobalSection
	GlobalSection(ExtensibilityGlobals) = postSolution
		SolutionGuid = {420FE617-2425-42D1-858A-24D99AEEB342}
	EndGlobalSection
EndGlobal
